
Microsoft Visual Studio Solution File, Format Version 12.00
# Visual Studio Version 16
VisualStudioVersion = 16.0.29424.173
MinimumVisualStudioVersion = 10.0.40219.1
Project("{FAE04EC0-301F-11D3-BF4B-00C04F79EFBC}") = "Shuffle Player", "Shuffle Player.csproj", "{82485126-51E5-4A51-8615-E9BD19609D2D}"
EndProject
Global
	GlobalSection(SolutionConfigurationPlatforms) = preSolution
		Debug|Any CPU = Debug|Any CPU
		Release|Any CPU = Release|Any CPU
	EndGlobalSection
	GlobalSection(ProjectConfigurationPlatforms) = postSolution
		{82485126-51E5-4A51-8615-E9BD19609D2D}.Debug|Any CPU.ActiveCfg = Release|Any CPU
		{82485126-51E5-4A51-8615-E9BD19609D2D}.Debug|Any CPU.Build.0 = Release|Any CPU
		{82485126-51E5-4A51-8615-E9BD19609D2D}.Release|Any CPU.ActiveCfg = Release|Any CPU
		{82485126-51E5-4A51-8615-E9BD19609D2D}.Release|Any CPU.Build.0 = Release|Any CPU
	EndGlobalSection
	GlobalSection(SolutionProperties) = preSolution
		HideSolutionNode = FALSE
	EndGlobalSection
	GlobalSection(ExtensibilityGlobals) = postSolution
		SolutionGuid = {62257AF7-BF9F-492A-BE16-3DBFE28537F1}
	EndGlobalSection
EndGlobal
